
Microsoft Visual Studio Solution File, Format Version 12.00
# Visual Studio Version 16
VisualStudioVersion = 16.0.31729.503
MinimumVisualStudioVersion = 10.0.40219.1
Project("{FAE04EC0-301F-11D3-BF4B-00C04F79EFBC}") = "SalesMarketingTeamAPI", "SalesMarketingTeamAPI.csproj", "{9022193F-FDD0-42B8-9DB0-A6DA51C6E976}"
EndProject
Global
	GlobalSection(SolutionConfigurationPlatforms) = preSolution
		Debug|Any CPU = Debug|Any CPU
		Release|Any CPU = Release|Any CPU
	EndGlobalSection
	GlobalSection(ProjectConfigurationPlatforms) = postSolution
		{9022193F-FDD0-42B8-9DB0-A6DA51C6E976}.Debug|Any CPU.ActiveCfg = Debug|Any CPU
		{9022193F-FDD0-42B8-9DB0-A6DA51C6E976}.Debug|Any CPU.Build.0 = Debug|Any CPU
		{9022193F-FDD0-42B8-9DB0-A6DA51C6E976}.Release|Any CPU.ActiveCfg = Release|Any CPU
		{9022193F-FDD0-42B8-9DB0-A6DA51C6E976}.Release|Any CPU.Build.0 = Release|Any CPU
	EndGlobalSection
	GlobalSection(SolutionProperties) = preSolution
		HideSolutionNode = FALSE
	EndGlobalSection
	GlobalSection(ExtensibilityGlobals) = postSolution
		SolutionGuid = {E3AE976B-7E57-4CE0-9F19-0365D3170389}
	EndGlobalSection
EndGlobal
